{
    "name": "node-red-project",
    "version": "0.0.1",
    "lockfileVersion": 2,
    "requires": true,
    "packages": {
        "": {
            "name": "node-red-project",
            "version": "0.0.1",
            "dependencies": {
                "node-red-cipherflow": "~0.2.0"
            }
        },
        "node_modules/array-uniq": {
            "version": "1.0.2",
            "resolved": "https://registry.npmjs.org/array-uniq/-/array-uniq-1.0.2.tgz",
            "integrity": "sha512-GVYjmpL05al4dNlKJm53mKE4w9OOLiuVHWorsIA3YVz+Hu0hcn6PtE3Ydl0EqU7v+7ABC4mjjWsnLUxbpno+CA==",
            "engines": {
                "node": ">=0.10.0"
            }
        },
        "node_modules/node-red-cipherflow": {
            "version": "0.2.0",
            "resolved": "https://registry.npmjs.org/node-red-cipherflow/-/node-red-cipherflow-0.2.0.tgz",
            "integrity": "sha512-JaEN5kyrbZ4GRlfnT5tv2cSSRNd450PRcWWf9LgeBxU2nyeXw+VhFtsRHWXowcy5erS2GOK6yev2U2qy5KXQTw==",
            "dependencies": {
                "node-seal": "^5.0.0",
                "randomstring": "^1.2.2",
                "uuid": "^8.3.2"
            }
        },
        "node_modules/node-seal": {
            "version": "5.0.1",
            "resolved": "https://registry.npmjs.org/node-seal/-/node-seal-5.0.1.tgz",
            "integrity": "sha512-XTKSy+SOfNQIsSIC0JF/qn3T0JR2B6BK5I5bQu4lCb3R7hu5vrJEIIO8ok33FognbLntC38J+PeyNCoKFxvI8Q=="
        },
        "node_modules/randombytes": {
            "version": "2.0.3",
            "resolved": "https://registry.npmjs.org/randombytes/-/randombytes-2.0.3.tgz",
            "integrity": "sha512-lDVjxQQFoCG1jcrP06LNo2lbWp4QTShEXnhActFBwYuHprllQV6VUpwreApsYqCgD+N1mHoqJ/BI/4eV4R2GYg=="
        },
        "node_modules/randomstring": {
            "version": "1.2.3",
            "resolved": "https://registry.npmjs.org/randomstring/-/randomstring-1.2.3.tgz",
            "integrity": "sha512-3dEFySepTzp2CvH6W/ASYGguPPveBuz5MpZ7MuoUkoVehmyNl9+F9c9GFVrz2QPbM9NXTIHGcmJDY/3j4677kQ==",
            "dependencies": {
                "array-uniq": "1.0.2",
                "randombytes": "2.0.3"
            },
            "bin": {
                "randomstring": "bin/randomstring"
            },
            "engines": {
                "node": "*"
            }
        },
        "node_modules/uuid": {
            "version": "8.3.2",
            "resolved": "https://registry.npmjs.org/uuid/-/uuid-8.3.2.tgz",
            "integrity": "sha512-+NYs2QeMWy+GWFOEm9xnn6HCDp0l7QBD7ml8zLUmJ+93Q5NF0NocErnwkTkXVFNiX3/fpC6afS8Dhb/gz7R7eg==",
            "bin": {
                "uuid": "dist/bin/uuid"
            }
        }
    },
    "dependencies": {
        "array-uniq": {
            "version": "1.0.2",
            "resolved": "https://registry.npmjs.org/array-uniq/-/array-uniq-1.0.2.tgz",
            "integrity": "sha512-GVYjmpL05al4dNlKJm53mKE4w9OOLiuVHWorsIA3YVz+Hu0hcn6PtE3Ydl0EqU7v+7ABC4mjjWsnLUxbpno+CA=="
        },
        "node-red-cipherflow": {
            "version": "0.2.0",
            "resolved": "https://registry.npmjs.org/node-red-cipherflow/-/node-red-cipherflow-0.2.0.tgz",
            "integrity": "sha512-JaEN5kyrbZ4GRlfnT5tv2cSSRNd450PRcWWf9LgeBxU2nyeXw+VhFtsRHWXowcy5erS2GOK6yev2U2qy5KXQTw==",
            "requires": {
                "node-seal": "^5.0.0",
                "randomstring": "^1.2.2",
                "uuid": "^8.3.2"
            }
        },
        "node-seal": {
            "version": "5.0.1",
            "resolved": "https://registry.npmjs.org/node-seal/-/node-seal-5.0.1.tgz",
            "integrity": "sha512-XTKSy+SOfNQIsSIC0JF/qn3T0JR2B6BK5I5bQu4lCb3R7hu5vrJEIIO8ok33FognbLntC38J+PeyNCoKFxvI8Q=="
        },
        "randombytes": {
            "version": "2.0.3",
            "resolved": "https://registry.npmjs.org/randombytes/-/randombytes-2.0.3.tgz",
            "integrity": "sha512-lDVjxQQFoCG1jcrP06LNo2lbWp4QTShEXnhActFBwYuHprllQV6VUpwreApsYqCgD+N1mHoqJ/BI/4eV4R2GYg=="
        },
        "randomstring": {
            "version": "1.2.3",
            "resolved": "https://registry.npmjs.org/randomstring/-/randomstring-1.2.3.tgz",
            "integrity": "sha512-3dEFySepTzp2CvH6W/ASYGguPPveBuz5MpZ7MuoUkoVehmyNl9+F9c9GFVrz2QPbM9NXTIHGcmJDY/3j4677kQ==",
            "requires": {
                "array-uniq": "1.0.2",
                "randombytes": "2.0.3"
            }
        },
        "uuid": {
            "version": "8.3.2",
            "resolved": "https://registry.npmjs.org/uuid/-/uuid-8.3.2.tgz",
            "integrity": "sha512-+NYs2QeMWy+GWFOEm9xnn6HCDp0l7QBD7ml8zLUmJ+93Q5NF0NocErnwkTkXVFNiX3/fpC6afS8Dhb/gz7R7eg=="
        }
    }
}
